
Microsoft Visual Studio Solution File, Format Version 12.00
# Visual Studio Version 17
VisualStudioVersion = 17.14.37531.7 d17.14
MinimumVisualStudioVersion = 10.0.40219.1
Project("{FAE04EC0-301F-11D3-BF4B-00C04F79EFBC}") = "klevsoft-test-task2", "klevsoft-test-task2\klevsoft-test-task2.csproj", "{E50754D4-AEB3-418E-BF82-085C97E438E2}"
EndProject
Global
	GlobalSection(SolutionConfigurationPlatforms) = preSolution
		Debug|Any CPU = Debug|Any CPU
		Release|Any CPU = Release|Any CPU
	EndGlobalSection
	GlobalSection(ProjectConfigurationPlatforms) = postSolution
		{E50754D4-AEB3-418E-BF82-085C97E438E2}.Debug|Any CPU.ActiveCfg = Debug|Any CPU
		{E50754D4-AEB3-418E-BF82-085C97E438E2}.Debug|Any CPU.Build.0 = Debug|Any CPU
		{E50754D4-AEB3-418E-BF82-085C97E438E2}.Release|Any CPU.ActiveCfg = Release|Any CPU
		{E50754D4-AEB3-418E-BF82-085C97E438E2}.Release|Any CPU.Build.0 = Release|Any CPU
	EndGlobalSection
	GlobalSection(SolutionProperties) = preSolution
		HideSolutionNode = FALSE
	EndGlobalSection
	GlobalSection(ExtensibilityGlobals) = postSolution
		SolutionGuid = {4D660F66-7650-46A5-9A70-88837560BDDB}
	EndGlobalSection
EndGlobal
